
Microsoft Visual Studio Solution File, Format Version 12.00
# Visual Studio Version 16
VisualStudioVersion = 16.0.30611.23
MinimumVisualStudioVersion = 10.0.40219.1
Project("{FAE04EC0-301F-11D3-BF4B-00C04F79EFBC}") = "RandomGenBench", "RandomGenBench\RandomGenBench.csproj", "{ECCD0F20-C65B-477D-9820-78E0A0EA5C68}"
EndProject
Global
	GlobalSection(SolutionConfigurationPlatforms) = preSolution
		Debug|Any CPU = Debug|Any CPU
		Release|Any CPU = Release|Any CPU
	EndGlobalSection
	GlobalSection(ProjectConfigurationPlatforms) = postSolution
		{ECCD0F20-C65B-477D-9820-78E0A0EA5C68}.Debug|Any CPU.ActiveCfg = Debug|Any CPU
		{ECCD0F20-C65B-477D-9820-78E0A0EA5C68}.Debug|Any CPU.Build.0 = Debug|Any CPU
		{ECCD0F20-C65B-477D-9820-78E0A0EA5C68}.Release|Any CPU.ActiveCfg = Release|Any CPU
		{ECCD0F20-C65B-477D-9820-78E0A0EA5C68}.Release|Any CPU.Build.0 = Release|Any CPU
	EndGlobalSection
	GlobalSection(SolutionProperties) = preSolution
		HideSolutionNode = FALSE
	EndGlobalSection
	GlobalSection(ExtensibilityGlobals) = postSolution
		SolutionGuid = {0A87CDAB-ADFA-4937-91F9-A06106899A68}
	EndGlobalSection
EndGlobal
